
Microsoft Visual Studio Solution File, Format Version 12.00
# Visual Studio Version 16
VisualStudioVersion = 16.0.31313.79
MinimumVisualStudioVersion = 10.0.40219.1
Project("{2150E333-8FDC-42A3-9474-1A3956D46DE8}") = "BLL", "BLL", "{CA88F313-1E56-4B2A-913A-370ECBF6717A}"
EndProject
Project("{2150E333-8FDC-42A3-9474-1A3956D46DE8}") = "Common", "Common", "{7B6A1361-AE3D-4219-BDE5-F3C64010BF64}"
EndProject
Project("{2150E333-8FDC-42A3-9474-1A3956D46DE8}") = "DAL", "DAL", "{EF851590-DDD8-4873-B1DA-C399A5ACC4FA}"
EndProject
Project("{2150E333-8FDC-42A3-9474-1A3956D46DE8}") = "PL", "PL", "{EC6CBDE7-D631-4543-965A-C31A3B937F76}"
EndProject
Project("{FAE04EC0-301F-11D3-BF4B-00C04F79EFBC}") = "GMD.SarPlace.BLL.Interfaces", "GMD.SarPlace.BLL.Interfaces\GMD.SarPlace.BLL.Interfaces.csproj", "{700DE4FC-AAD8-40A9-8183-77EA9A877637}"
EndProject
Project("{FAE04EC0-301F-11D3-BF4B-00C04F79EFBC}") = "GMD.SarPlace.StandartBLL", "GMD.SarPlace.StandartBLL\GMD.SarPlace.StandartBLL.csproj", "{526D834C-ECA6-4358-87EC-0E8A8BD15DEC}"
EndProject
Project("{FAE04EC0-301F-11D3-BF4B-00C04F79EFBC}") = "GMD.SarPlace.Entities", "GMD.SarPlace.Etities\GMD.SarPlace.Entities.csproj", "{73F8706F-2527-46A8-B94D-DB1A5D75DF0E}"
EndProject
Project("{FAE04EC0-301F-11D3-BF4B-00C04F79EFBC}") = "GMD.SarPlace.Dependencies", "GMD.SarPlace.Dependencies\GMD.SarPlace.Dependencies.csproj", "{058A105A-8111-4373-9353-F3886998648B}"
EndProject
Project("{FAE04EC0-301F-11D3-BF4B-00C04F79EFBC}") = "GMD.SarPlace.DAL.Interfaces", "GMD.SarPlace.DAL.Interfaces\GMD.SarPlace.DAL.Interfaces.csproj", "{0612E552-277B-4F51-8542-F5AEED21C4F3}"
EndProject
Project("{FAE04EC0-301F-11D3-BF4B-00C04F79EFBC}") = "GMD.SarPlace.ASPPL", "GMD.SarPlace.ASPPL\GMD.SarPlace.ASPPL.csproj", "{FD45146B-0C69-4A62-A5D5-2C1016DCD48A}"
EndProject
Project("{FAE04EC0-301F-11D3-BF4B-00C04F79EFBC}") = "GMD.SarPlace.SqlDAL", "GMD.SarPlace.SqlDAL\GMD.SarPlace.SqlDAL.csproj", "{46C15406-5BBD-4283-9A49-840E53AA3684}"
EndProject
Project("{FAE04EC0-301F-11D3-BF4B-00C04F79EFBC}") = "GMD.SarPlace.ConsolePL", "GMD.SarPlace.ConsolePL\GMD.SarPlace.ConsolePL.csproj", "{AAC0E7CB-EC2C-4494-BF95-99DD59D06D9D}"
EndProject
Global
	GlobalSection(SolutionConfigurationPlatforms) = preSolution
		Debug|Any CPU = Debug|Any CPU
		Release|Any CPU = Release|Any CPU
	EndGlobalSection
	GlobalSection(ProjectConfigurationPlatforms) = postSolution
		{700DE4FC-AAD8-40A9-8183-77EA9A877637}.Debug|Any CPU.ActiveCfg = Debug|Any CPU
		{700DE4FC-AAD8-40A9-8183-77EA9A877637}.Debug|Any CPU.Build.0 = Debug|Any CPU
		{700DE4FC-AAD8-40A9-8183-77EA9A877637}.Release|Any CPU.ActiveCfg = Release|Any CPU
		{700DE4FC-AAD8-40A9-8183-77EA9A877637}.Release|Any CPU.Build.0 = Release|Any CPU
		{526D834C-ECA6-4358-87EC-0E8A8BD15DEC}.Debug|Any CPU.ActiveCfg = Debug|Any CPU
		{526D834C-ECA6-4358-87EC-0E8A8BD15DEC}.Debug|Any CPU.Build.0 = Debug|Any CPU
		{526D834C-ECA6-4358-87EC-0E8A8BD15DEC}.Release|Any CPU.ActiveCfg = Release|Any CPU
		{526D834C-ECA6-4358-87EC-0E8A8BD15DEC}.Release|Any CPU.Build.0 = Release|Any CPU
		{73F8706F-2527-46A8-B94D-DB1A5D75DF0E}.Debug|Any CPU.ActiveCfg = Debug|Any CPU
		{73F8706F-2527-46A8-B94D-DB1A5D75DF0E}.Debug|Any CPU.Build.0 = Debug|Any CPU
		{73F8706F-2527-46A8-B94D-DB1A5D75DF0E}.Release|Any CPU.ActiveCfg = Release|Any CPU
		{73F8706F-2527-46A8-B94D-DB1A5D75DF0E}.Release|Any CPU.Build.0 = Release|Any CPU
		{058A105A-8111-4373-9353-F3886998648B}.Debug|Any CPU.ActiveCfg = Debug|Any CPU
		{058A105A-8111-4373-9353-F3886998648B}.Debug|Any CPU.Build.0 = Debug|Any CPU
		{058A105A-8111-4373-9353-F3886998648B}.Release|Any CPU.ActiveCfg = Release|Any CPU
		{058A105A-8111-4373-9353-F3886998648B}.Release|Any CPU.Build.0 = Release|Any CPU
		{0612E552-277B-4F51-8542-F5AEED21C4F3}.Debug|Any CPU.ActiveCfg = Debug|Any CPU
		{0612E552-277B-4F51-8542-F5AEED21C4F3}.Debug|Any CPU.Build.0 = Debug|Any CPU
		{0612E552-277B-4F51-8542-F5AEED21C4F3}.Release|Any CPU.ActiveCfg = Release|Any CPU
		{0612E552-277B-4F51-8542-F5AEED21C4F3}.Release|Any CPU.Build.0 = Release|Any CPU
		{FD45146B-0C69-4A62-A5D5-2C1016DCD48A}.Debug|Any CPU.ActiveCfg = Debug|Any CPU
		{FD45146B-0C69-4A62-A5D5-2C1016DCD48A}.Debug|Any CPU.Build.0 = Debug|Any CPU
		{FD45146B-0C69-4A62-A5D5-2C1016DCD48A}.Release|Any CPU.ActiveCfg = Release|Any CPU
		{FD45146B-0C69-4A62-A5D5-2C1016DCD48A}.Release|Any CPU.Build.0 = Release|Any CPU
		{46C15406-5BBD-4283-9A49-840E53AA3684}.Debug|Any CPU.ActiveCfg = Debug|Any CPU
		{46C15406-5BBD-4283-9A49-840E53AA3684}.Debug|Any CPU.Build.0 = Debug|Any CPU
		{46C15406-5BBD-4283-9A49-840E53AA3684}.Release|Any CPU.ActiveCfg = Release|Any CPU
		{46C15406-5BBD-4283-9A49-840E53AA3684}.Release|Any CPU.Build.0 = Release|Any CPU
		{AAC0E7CB-EC2C-4494-BF95-99DD59D06D9D}.Debug|Any CPU.ActiveCfg = Debug|Any CPU
		{AAC0E7CB-EC2C-4494-BF95-99DD59D06D9D}.Debug|Any CPU.Build.0 = Debug|Any CPU
		{AAC0E7CB-EC2C-4494-BF95-99DD59D06D9D}.Release|Any CPU.ActiveCfg = Release|Any CPU
		{AAC0E7CB-EC2C-4494-BF95-99DD59D06D9D}.Release|Any CPU.Build.0 = Release|Any CPU
	EndGlobalSection
	GlobalSection(SolutionProperties) = preSolution
		HideSolutionNode = FALSE
	EndGlobalSection
	GlobalSection(NestedProjects) = preSolution
		{700DE4FC-AAD8-40A9-8183-77EA9A877637} = {CA88F313-1E56-4B2A-913A-370ECBF6717A}
		{526D834C-ECA6-4358-87EC-0E8A8BD15DEC} = {CA88F313-1E56-4B2A-913A-370ECBF6717A}
		{73F8706F-2527-46A8-B94D-DB1A5D75DF0E} = {7B6A1361-AE3D-4219-BDE5-F3C64010BF64}
		{058A105A-8111-4373-9353-F3886998648B} = {7B6A1361-AE3D-4219-BDE5-F3C64010BF64}
		{0612E552-277B-4F51-8542-F5AEED21C4F3} = {EF851590-DDD8-4873-B1DA-C399A5ACC4FA}
		{FD45146B-0C69-4A62-A5D5-2C1016DCD48A} = {EC6CBDE7-D631-4543-965A-C31A3B937F76}
		{46C15406-5BBD-4283-9A49-840E53AA3684} = {EF851590-DDD8-4873-B1DA-C399A5ACC4FA}
		{AAC0E7CB-EC2C-4494-BF95-99DD59D06D9D} = {EC6CBDE7-D631-4543-965A-C31A3B937F76}
	EndGlobalSection
	GlobalSection(ExtensibilityGlobals) = postSolution
		SolutionGuid = {7CD596E0-265A-48D4-9E60-365F52E4D29F}
	EndGlobalSection
EndGlobal
